version = 1
revision = 3
requires-python = ">=3.13, <3.15"

[[package]]
name = "kiyosi-quantlib-oracle"
version = "0.1.0"
source = { virtual = "." }
dependencies = [
    { name = "quantlib" },
]

[package.dev-dependencies]
dev = [
    { name = "ruff" },
]

[package.metadata]
requires-dist = [{ name = "quantlib", specifier = "==1.43" }]

[package.metadata.requires-dev]
dev = [{ name = "ruff" }]

[[package]]
name = "quantlib"
version = "1.43"
source = { registry = "https://pypi.org/simple" }
wheels = [
    { url = "https://files.pythonhosted.org/packages/25/32/3902ec027c3f08d2d36091adf8a77b542b85284f04be2c25ff69cbf22f7b/quantlib-1.43-cp314-cp314t-macosx_10_15_x86_64.whl", hash = "sha256:53bf822aef061d6264260350156cda2ac1aa27db1a8a1443ac8a2f81d283ecce", size = 16274846, upload-time = "2026-07-14T08:40:18.401Z" },
    { url = "https://files.pythonhosted.org/packages/ae/a7/0cfbfd7b0fdf1e87e93ee41c0754c3e73cf466b13000a40bcb2925695db5/quantlib-1.43-cp314-cp314t-macosx_11_0_arm64.whl", hash = "sha256:03dc31c2e4b68b458a47937047c6704ae30c51fff229aa7a009a4c9c7077590a", size = 15652633, upload-time = "2026-07-14T08:40:21.236Z" },
    { url = "https://files.pythonhosted.org/packages/5e/a5/bce840ba2f7cfb7b5f712a265ece39f30116f8f50a67106a397b464824c8/quantlib-1.43-cp314-cp314t-manylinux_2_24_aarch64.manylinux_2_28_aarch64.whl", hash = "sha256:70e2bd469d155a3198438e28a89bdd9d6dcc7e260c756c5de7e761f3ccda4cb2", size = 19130123, upload-time = "2026-07-14T08:40:24.29Z" },
    { url = "https://files.pythonhosted.org/packages/34/44/5088b72c62e7a0dbabf8799fe3618d44e6fd9fae288e67def65fad13c9a2/quantlib-1.43-cp314-cp314t-manylinux_2_24_i686.manylinux_2_28_i686.whl", hash = "sha256:03f027bab14891a9b599417eacef3116353e385194dd3300dc801166c92bf71c", size = 23993395, upload-time = "2026-07-14T08:40:28.147Z" },
    { url = "https://files.pythonhosted.org/packages/96/b7/c805d73c7f8fc1dc54236789609549a2504bdf48a0f22d7c70a0bba3bfd3/quantlib-1.43-cp314-cp314t-manylinux_2_24_x86_64.manylinux_2_28_x86_64.whl", hash = "sha256:2c1fb5bcaf4f20704559c79c280a20585387fbe9aa4534d82421c15a1cb4e17f", size = 20292447, upload-time = "2026-07-14T08:40:31.576Z" },
    { url = "https://files.pythonhosted.org/packages/a0/d4/5ee03f13c164b20d07a6a638750f51ebe3ddbcbf53839e57836fe3049e79/quantlib-1.43-cp314-cp314t-musllinux_1_2_aarch64.whl", hash = "sha256:ef6cde83c3beff278ed651196b6b802ddf749544d2c6c253cb059b19f39fab90", size = 20743601, upload-time = "2026-07-14T08:40:34.48Z" },
    { url = "https://files.pythonhosted.org/packages/bb/03/d2402b975079d43cb81dd2218e25eae0344fb72b49d9c0450736f37e4c45/quantlib-1.43-cp314-cp314t-musllinux_1_2_i686.whl", hash = "sha256:577c98ee38e3cafe564daeb22fb9e8628e2fba782eb7afa0134b1e2a6eccb720", size = 25974137, upload-time = "2026-07-14T08:40:37.779Z" },
    { url = "https://files.pythonhosted.org/packages/2c/5d/e5ef19a18d420087a17721db36193fa25dfabcb018a847b866871ff03d61/quantlib-1.43-cp314-cp314t-musllinux_1_2_x86_64.whl", hash = "sha256:d019ad14efacbec732253c65d1a33f97f22b0a9e0e236e0cb0278cea2a5769cf", size = 21756542, upload-time = "2026-07-14T08:40:41.123Z" },
    { url = "https://files.pythonhosted.org/packages/30/7d/a452636cc9f850194a7027d07855b2aa25ceaaa1acdf01ca123b2378451b/quantlib-1.43-cp314-cp314t-win32.whl", hash = "sha256:6ee4295d0432d9ab0f0529ba97eda0c80da61cab134576fee62a4ca407cd85c0", size = 12160830, upload-time = "2026-07-14T08:40:44.117Z" },
    { url = "https://files.pythonhosted.org/packages/61/07/75974f40158bf354d737032c5c03de39dd23d60cca0f9cb7014bd5c250b3/quantlib-1.43-cp314-cp314t-win_amd64.whl", hash = "sha256:c7b33959457889b6392a7c203a7c6730a301d192dcc60d6839cbbfcfc4336cd0", size = 13177407, upload-time = "2026-07-14T08:40:46.581Z" },
    { url = "https://files.pythonhosted.org/packages/c5/c4/b9b978248104e7ac7b0fb459c98d48fe3ce6137446cee56cfe0faee3aaf0/quantlib-1.43-cp39-abi3-macosx_10_13_x86_64.whl", hash = "sha256:cf113464f75500c3f67ec7a6865b9dee1082650b37943a45974d83d9b29a32b1", size = 16190279, upload-time = "2026-07-14T08:40:49.653Z" },
    { url = "https://files.pythonhosted.org/packages/be/20/15f75418eeee6646869815ccd1a666ed15b8a7eda6367837a78b93c3079f/quantlib-1.43-cp39-abi3-macosx_11_0_arm64.whl", hash = "sha256:85d70b28778afca84b9b6ae74ef05a1069b2dca00e80fc74aa8ddf438259dc0c", size = 15553889, upload-time = "2026-07-14T08:40:52.641Z" },
    { url = "https://files.pythonhosted.org/packages/7a/57/c6b320e72e145de00a124a2af1e001e318873bb9560093a465b791ff0e30/quantlib-1.43-cp39-abi3-manylinux_2_24_aarch64.manylinux_2_28_aarch64.whl", hash = "sha256:3c0ec04adb19660a029d2095609f5a8add1541b1d2bb14a990665738c911770e", size = 19071666, upload-time = "2026-07-14T08:40:55.682Z" },
    { url = "https://files.pythonhosted.org/packages/70/00/6a6358ef7b9d9fd97c8dfddb30f719a5304ace171676ba54176826393b2c/quantlib-1.43-cp39-abi3-manylinux_2_24_i686.manylinux_2_28_i686.whl", hash = "sha256:9d028659a2557d549766bcebb346a9cacae0b3514bf205ddefadb64f9330bbb4", size = 23725989, upload-time = "2026-07-14T08:40:58.898Z" },
    { url = "https://files.pythonhosted.org/packages/2e/39/2df89a3f4fe6668535d7c56f29ee646f7642e46b7fc6a9db1707804c7520/quantlib-1.43-cp39-abi3-manylinux_2_24_x86_64.manylinux_2_28_x86_64.whl", hash = "sha256:35cd2c178aa9a30c3b7a9ca050536037c3185afd6728e6a1cf2085adef54464e", size = 20376095, upload-time = "2026-07-14T08:41:02.15Z" },
    { url = "https://files.pythonhosted.org/packages/2f/c4/4aa663f627e01d6814cba8ec721bd5f3df42906f7b07785a13f2061c540d/quantlib-1.43-cp39-abi3-musllinux_1_2_aarch64.whl", hash = "sha256:f21eaf656ea5bd26e023a402eda81a6b66338c7a3d1f3dfef3894f05312f7ac6", size = 20680647, upload-time = "2026-07-14T08:41:05.358Z" },
    { url = "https://files.pythonhosted.org/packages/77/a1/dabec80c079c7369b20709f1f4a98ce832d02ffb7daa9bee62714cbe2b48/quantlib-1.43-cp39-abi3-musllinux_1_2_i686.whl", hash = "sha256:c2d1680e1bb28bc58fe9d5cd1a966382cc490264368cc77300c9c9a381416d7e", size = 25689090, upload-time = "2026-07-14T08:41:08.65Z" },
    { url = "https://files.pythonhosted.org/packages/00/81/37e8df4623b470fbded9241c1d99973863fbc0913cfe9e717f313063dbf7/quantlib-1.43-cp39-abi3-musllinux_1_2_x86_64.whl", hash = "sha256:f9c620de81c8bea76b7bd82a190fdf0393f18812a2c2529351fabc7338b6b3c1", size = 21839501, upload-time = "2026-07-14T08:41:12.093Z" },
    { url = "https://files.pythonhosted.org/packages/4d/46/e7ab24781ad101616705d08dc69900080bf8897962f7fc26d9439c0eac24/quantlib-1.43-cp39-abi3-win32.whl", hash = "sha256:70adba78db6bbb72b5b608af866c2fb3d3e440dc54bee9eb68d757e31c1c2e90", size = 11872353, upload-time = "2026-07-14T08:41:14.815Z" },
    { url = "https://files.pythonhosted.org/packages/72/46/a2aa4a78e26bbb53c5d70ec73745d117519b3df6bc9fd342e2b1738e1724/quantlib-1.43-cp39-abi3-win_amd64.whl", hash = "sha256:61fcb95e8d7e15dfd23e83104d24ce28d45582a645e7dbce0c248216bf51913b", size = 12908304, upload-time = "2026-07-14T08:41:17.36Z" },
]

[[package]]
name = "ruff"
version = "0.16.8"
source = { registry = "https://pypi.org/simple" }
sdist = { url = "https://files.pythonhosted.org/packages/ba/78/449cb84790bd5cc3823b2652ee405a4558856e5c4195aee3a16bf7b3eb5d/ruff-0.16.8.tar.gz", hash = "sha256:9247bf92b5f04d825c8639a4fe423ec2e4222acd9222e58412b0dab7e442798b", size = 4938814, upload-time = "2026-09-16T15:54:46.688Z" }
wheels = [
    { url = "https://files.pythonhosted.org/packages/ac/25/6071aabc530e9be7e2c195e8fe3f7aea2735405b6cf447212832d7811831/ruff-0.16.8-py3-none-linux_armv6l.whl", hash = "sha256:6ffbd6d87383c1edf5f6fa890f10200950240d7c1a16052a19a09d3a2307dd38", size = 10048966, upload-time = "2026-09-16T15:53:57.605Z" },
    { url = "https://files.pythonhosted.org/packages/54/98/07f90ecbc74dd5fb5764f11f2bc774d6a7cffef92d2ff5f5b4e9e23c754e/ruff-0.16.8-py3-none-macosx_10_12_x86_64.whl", hash = "sha256:42ed6b878ed61e3acca92f2730a17acff39286944ea82398544696366a6f925e", size = 10165498, upload-time = "2026-09-16T15:54:01.14Z" },
    { url = "https://files.pythonhosted.org/packages/fe/1f/e6a712e3b47cad4a40600134105ed193cb773f618a42eb7ba323cb812cc0/ruff-0.16.8-py3-none-macosx_11_0_arm64.whl", hash = "sha256:7ea781c7f2afba8c6a505ea0fb3f994020249e0c450635f5381286fea6b46170", size = 9830004, upload-time = "2026-09-16T15:54:03.998Z" },
    { url = "https://files.pythonhosted.org/packages/23/f2/311a08776d75d81c7676e20b6b020ae63cbe881fcdc7a8dd64e6e18bdd93/ruff-0.16.8-py3-none-manylinux_2_17_aarch64.manylinux2014_aarch64.whl", hash = "sha256:8efeae3bbe414a5efefda11a792dfb51ef90ac48d50c4830de2f644caf3e8659", size = 9986558, upload-time = "2026-09-16T15:54:06.804Z" },
    { url = "https://files.pythonhosted.org/packages/f3/ed/37b6cb3d3ba8c73e68ae3eb1d502383beb5aa05a582bb7bb3a922f929f54/ruff-0.16.8-py3-none-manylinux_2_17_armv7l.manylinux2014_armv7l.whl", hash = "sha256:3a79b795469fef7fc6e908b218eed2eb17332afd85031db6480dc864560e69b2", size = 9877332, upload-time = "2026-09-16T15:54:09.552Z" },
    { url = "https://files.pythonhosted.org/packages/22/cc/40873a8f36ad084cc540d55fcca7077264d5b13b24659e9180c176fb2b08/ruff-0.16.8-py3-none-manylinux_2_17_i686.manylinux2014_i686.whl", hash = "sha256:3fdc5563cdc50555e6fba39322850860e9267c1b3d12c26a74729d8604c3c812", size = 10507125, upload-time = "2026-09-16T15:54:12.152Z" },
    { url = "https://files.pythonhosted.org/packages/c3/e4/fc91a642b78ccbab6b9477720f3644ae7a10a9bcce69a934679cd64f62bc/ruff-0.16.8-py3-none-manylinux_2_17_ppc64le.manylinux2014_ppc64le.whl", hash = "sha256:34508983c70665578dab88f5223d8e6228307e1135398ca8bfc8b7e9501e282b", size = 11336694, upload-time = "2026-09-16T15:54:15.489Z" },
    { url = "https://files.pythonhosted.org/packages/c2/3d/bbd2a9a600a4e73dc3e7548a249c8d1671273464b55822c6fae50f602dff/ruff-0.16.8-py3-none-manylinux_2_17_s390x.manylinux2014_s390x.whl", hash = "sha256:644bb578569e0ffc575741232bd385dacdd6fbe123f1a729e7a225f54aa3957f", size = 10774448, upload-time = "2026-09-16T15:54:18.16Z" },
    { url = "https://files.pythonhosted.org/packages/1a/41/d83af9879a7b6e8bf5fe16b1da0b134049d2f5d3afac12defb0897cb84bd/ruff-0.16.8-py3-none-manylinux_2_17_x86_64.manylinux2014_x86_64.whl", hash = "sha256:15e7d226246961db9235098333caa13063906d3851136b84c2900b82f5daa1df", size = 10323796, upload-time = "2026-09-16T15:54:20.743Z" },
    { url = "https://files.pythonhosted.org/packages/f5/2c/cefd07bfe914b84943ea769ade8d607bd22750b965d3228eefd7cebd15d0/ruff-0.16.8-py3-none-manylinux_2_31_riscv64.whl", hash = "sha256:a2bf6bc3e9ebdd4449abc6f06cf64b98051a2c61cf94d2fe9596518c881f1a1e", size = 10514115, upload-time = "2026-09-16T15:54:23.497Z" },
    { url = "https://files.pythonhosted.org/packages/f3/9d/76a2e26c79a23be6e6e3664c57bec9e9fc8de155cfb9e4b67ea91b64f9d7/ruff-0.16.8-py3-none-musllinux_1_2_aarch64.whl", hash = "sha256:6ca111ba0849539165e9e59d2b442542f3c1e8060ebbdea82494f1ffbccb1e1f", size = 10072582, upload-time = "2026-09-16T15:54:26.185Z" },
    { url = "https://files.pythonhosted.org/packages/2e/d4/f42edddb39668af1a559ceafa3823aedd65633a48dc9768e775485faa2c1/ruff-0.16.8-py3-none-musllinux_1_2_armv7l.whl", hash = "sha256:359a1e5b495448ee1e91018064382ebc86f90e8aac2fed222c7d0e4e8df85fd2", size = 9879644, upload-time = "2026-09-16T15:54:29.278Z" },
    { url = "https://files.pythonhosted.org/packages/f8/d4/913e3195d95e0378786c6656945c865f534a3560e29139da4882aff630d1/ruff-0.16.8-py3-none-musllinux_1_2_i686.whl", hash = "sha256:59e8f5681349474110b24d62e93cfda6593f5fa3473446ca3705200cac1a08b9", size = 10231569, upload-time = "2026-09-16T15:54:32.036Z" },
    { url = "https://files.pythonhosted.org/packages/2b/c4/8aa6ea0bdcedbd1bf87397e2fc4ed8406448ea5842f8660bc6e5f163039d/ruff-0.16.8-py3-none-musllinux_1_2_x86_64.whl", hash = "sha256:efa3e7a16d1baaa79957888dfdf8be9ef2e44db81cb032af06d76632ab59e773", size = 10663666, upload-time = "2026-09-16T15:54:34.838Z" },
    { url = "https://files.pythonhosted.org/packages/3d/02/7f10ef4700bc223c30a3fdd10631a29830c45524b810a3c7ed947af64591/ruff-0.16.8-py3-none-win32.whl", hash = "sha256:55793ba85c69921e89be061426d91a78652d6e50317c962240922747a4eb713f", size = 10093472, upload-time = "2026-09-16T15:54:37.47Z" },
    { url = "https://files.pythonhosted.org/packages/1e/5d/a509c07d714b6da88f2c518b4637cf6f1d46b074be8f0f1e5fb9ff5126fe/ruff-0.16.8-py3-none-win_amd64.whl", hash = "sha256:a6b85621fd3c81e31fc5f5add09c9c078b430db3595ca632efafdec9e64ebfaa", size = 10586899, upload-time = "2026-09-16T15:54:40.488Z" },
    { url = "https://files.pythonhosted.org/packages/fe/a0/50787329e4f20bf9dc9f6230015d46ec69c51a97ace5bc202dae4755365d/ruff-0.16.8-py3-none-win_arm64.whl", hash = "sha256:d075e820af612102ce217f07cc93e69f9490b10ec13ea85fa87bd03d996cef8a", size = 10386316, upload-time = "2026-09-16T15:54:43.332Z" },
]
